PODS:
  - Alamofire (3.4.2)
  - DLPanableWebView (0.9.1)
  - FDFullscreenPopGesture (1.1)
  - JLToast (1.4.2)
  - MBProgressHUD (1.0.0)
  - SnapKit (0.21.1)
  - SwiftAddressBook (0.6.2)
  - SwiftyJSON (2.3.2)
  - WebViewJavascriptBridge (5.0.5)

DEPENDENCIES:
  - Alamofire
  - DLPanableWebView
  - FDFullscreenPopGesture (~> 1.1)
  - JLToast (~> 1.4)
  - MBProgressHUD (~> 1.0.0)
  - SnapKit (~> 0.21.0)
  - SwiftAddressBook
  - SwiftyJSON (~> 2.3.1)
  - WebViewJavascriptBridge (~> 5.0.5)

SPEC CHECKSUMS:
  Alamofire: 6aa33201d20d069e1598891cf928883ff1888c7a
  DLPanableWebView: 955fad0362f065729cd597e898ca5cb60c8e40cb
  FDFullscreenPopGesture: a8a620179e3d9c40e8e00256dcee1c1a27c6d0f0
  JLToast: bf63282a7df069557e80c77dbd2c6b9f9fc4de72
  MBProgressHUD: 4890f671c94e8a0f3cf959aa731e9de2f036d71a
  SnapKit: bbad04cb016c7cead63965f16b00c09318d271ee
  SwiftAddressBook: 88c68c6bd0c6a9cb10e5cdc80f91fd87b5e0f4ec
  SwiftyJSON: 04ccea08915aa0109039157c7974cf0298da292a
  WebViewJavascriptBridge: a4d502315f1b8d9a51cd6a9174147ed567ec3bc5

COCOAPODS: 0.39.0
