// !$*UTF8*$!
{
	archiveVersion = 1;
	classes = {
	};
	objectVersion = 46;
	objects = {

/* Begin PBXBuildFile section */
		0A39D716DB0E35ABD5F05F43 /* Pods.framework in Frameworks */ = {isa = PBXBuildFile; fileRef = 67C2861F64A556F1932219BE /* Pods.framework */; };
		C15A4B7F1D766CCF00FE0D44 /* AppDelegate.swift in Sources */ = {isa = PBXBuildFile; fileRef = C15A4B7E1D766CCF00FE0D44 /* AppDelegate.swift */; };
		C15A4B841D766CCF00FE0D44 /* Main.storyboard in Resources */ = {isa = PBXBuildFile; fileRef = C15A4B821D766CCF00FE0D44 /* Main.storyboard */; };
		C15A4B891D766CCF00FE0D44 /* LaunchScreen.storyboard in Resources */ = {isa = PBXBuildFile; fileRef = C15A4B871D766CCF00FE0D44 /* LaunchScreen.storyboard */; };
		C15A4BA11D76B4B300FE0D44 /* LaunchController.swift in Sources */ = {isa = PBXBuildFile; fileRef = C15A4BA01D76B4B300FE0D44 /* LaunchController.swift */; };
		C15A4BA31D76B69F00FE0D44 /* IconConst.swift in Sources */ = {isa = PBXBuildFile; fileRef = C15A4BA21D76B69F00FE0D44 /* IconConst.swift */; };
		C15A4BA71D76C81400FE0D44 /* HybridConst.swift in Sources */ = {isa = PBXBuildFile; fileRef = C15A4BA61D76C81400FE0D44 /* HybridConst.swift */; };
		C15A4BAA1D76CDF600FE0D44 /* RootController.swift in Sources */ = {isa = PBXBuildFile; fileRef = C15A4BA91D76CDF600FE0D44 /* RootController.swift */; };
		C15A4BAC1D76CE2400FE0D44 /* BaseController.swift in Sources */ = {isa = PBXBuildFile; fileRef = C15A4BAB1D76CE2400FE0D44 /* BaseController.swift */; };
		C15A4BAE1D76CE6900FE0D44 /* ColorConst.swift in Sources */ = {isa = PBXBuildFile; fileRef = C15A4BAD1D76CE6900FE0D44 /* ColorConst.swift */; };
		C18DB0651D77C39F000F9DCA /* Assets.xcassets in Resources */ = {isa = PBXBuildFile; fileRef = C18DB0641D77C39F000F9DCA /* Assets.xcassets */; };
		C18DB0671D77DD97000F9DCA /* ContactsStore.swift in Sources */ = {isa = PBXBuildFile; fileRef = C18DB0661D77DD97000F9DCA /* ContactsStore.swift */; };
		C1F3B6E31D771A1400D4DDDE /* FontConst.swift in Sources */ = {isa = PBXBuildFile; fileRef = C1F3B6E21D771A1400D4DDDE /* FontConst.swift */; };
		C1F3B6E61D771BDF00D4DDDE /* WebViewController.swift in Sources */ = {isa = PBXBuildFile; fileRef = C1F3B6E51D771BDF00D4DDDE /* WebViewController.swift */; };
/* End PBXBuildFile section */

/* Begin PBXFileReference section */
		51C0E793CF0EC9276F4B8AC5 /* Pods.release.xcconfig */ = {isa = PBXFileReference; includeInIndex = 1; lastKnownFileType = text.xcconfig; name = Pods.release.xcconfig; path = "Pods/Target Support Files/Pods/Pods.release.xcconfig"; sourceTree = "<group>"; };
		67C2861F64A556F1932219BE /* Pods.framework */ = {isa = PBXFileReference; explicitFileType = wrapper.framework; includeInIndex = 0; path = Pods.framework; sourceTree = BUILT_PRODUCTS_DIR; };
		B3619B6A0F8B63B17BD1DC26 /* Pods.debug.xcconfig */ = {isa = PBXFileReference; includeInIndex = 1; lastKnownFileType = text.xcconfig; name = Pods.debug.xcconfig; path = "Pods/Target Support Files/Pods/Pods.debug.xcconfig"; sourceTree = "<group>"; };
		C15A4B7B1D766CCF00FE0D44 /* vfans.app */ = {isa = PBXFileReference; explicitFileType = wrapper.application; includeInIndex = 0; path = vfans.app; sourceTree = BUILT_PRODUCTS_DIR; };
		C15A4B7E1D766CCF00FE0D44 /* AppDelegate.swift */ = {isa = PBXFileReference; lastKnownFileType = sourcecode.swift; path = AppDelegate.swift; sourceTree = "<group>"; };
		C15A4B831D766CCF00FE0D44 /* Base */ = {isa = PBXFileReference; lastKnownFileType = file.storyboard; name = Base; path = Base.lproj/Main.storyboard; sourceTree = "<group>"; };
		C15A4B881D766CCF00FE0D44 /* Base */ = {isa = PBXFileReference; lastKnownFileType = file.storyboard; name = Base; path = Base.lproj/LaunchScreen.storyboard; sourceTree = "<group>"; };
		C15A4B9D1D76749100FE0D44 /* Info.plist */ = {isa = PBXFileReference; fileEncoding = 4; lastKnownFileType = text.plist.xml; path = Info.plist; sourceTree = "<group>"; };
		C15A4BA01D76B4B300FE0D44 /* LaunchController.swift */ = {isa = PBXFileReference; fileEncoding = 4; lastKnownFileType = sourcecode.swift; path = LaunchController.swift; sourceTree = "<group>"; };
		C15A4BA21D76B69F00FE0D44 /* IconConst.swift */ = {isa = PBXFileReference; fileEncoding = 4; lastKnownFileType = sourcecode.swift; path = IconConst.swift; sourceTree = "<group>"; };
		C15A4BA61D76C81400FE0D44 /* HybridConst.swift */ = {isa = PBXFileReference; fileEncoding = 4; lastKnownFileType = sourcecode.swift; path = HybridConst.swift; sourceTree = "<group>"; };
		C15A4BA91D76CDF600FE0D44 /* RootController.swift */ = {isa = PBXFileReference; fileEncoding = 4; lastKnownFileType = sourcecode.swift; path = RootController.swift; sourceTree = "<group>"; };
		C15A4BAB1D76CE2400FE0D44 /* BaseController.swift */ = {isa = PBXFileReference; fileEncoding = 4; lastKnownFileType = sourcecode.swift; path = BaseController.swift; sourceTree = "<group>"; };
		C15A4BAD1D76CE6900FE0D44 /* ColorConst.swift */ = {isa = PBXFileReference; fileEncoding = 4; lastKnownFileType = sourcecode.swift; path = ColorConst.swift; sourceTree = "<group>"; };
		C18DB0641D77C39F000F9DCA /* Assets.xcassets */ = {isa = PBXFileReference; lastKnownFileType = folder.assetcatalog; path = Assets.xcassets; sourceTree = "<group>"; };
		C18DB0661D77DD97000F9DCA /* ContactsStore.swift */ = {isa = PBXFileReference; fileEncoding = 4; lastKnownFileType = sourcecode.swift; path = ContactsStore.swift; sourceTree = "<group>"; };
		C1F3B6E21D771A1400D4DDDE /* FontConst.swift */ = {isa = PBXFileReference; fileEncoding = 4; lastKnownFileType = sourcecode.swift; path = FontConst.swift; sourceTree = "<group>"; };
		C1F3B6E51D771BDF00D4DDDE /* WebViewController.swift */ = {isa = PBXFileReference; fileEncoding = 4; lastKnownFileType = sourcecode.swift; path = WebViewController.swift; sourceTree = "<group>"; };
/* End PBXFileReference section */

/* Begin PBXFrameworksBuildPhase section */
		C15A4B781D766CCF00FE0D44 /* Frameworks */ = {
			isa = PBXFrameworksBuildPhase;
			buildActionMask = 2147483647;
			files = (
				0A39D716DB0E35ABD5F05F43 /* Pods.framework in Frameworks */,
			);
			runOnlyForDeploymentPostprocessing = 0;
		};
/* End PBXFrameworksBuildPhase section */

/* Begin PBXGroup section */
		7A2E0BFA9F9C46F614D6E423 /* Pods */ = {
			isa = PBXGroup;
			children = (
				B3619B6A0F8B63B17BD1DC26 /* Pods.debug.xcconfig */,
				51C0E793CF0EC9276F4B8AC5 /* Pods.release.xcconfig */,
			);
			name = Pods;
			sourceTree = "<group>";
		};
		9F9DA4264E376DB3E7FFB86C /* Frameworks */ = {
			isa = PBXGroup;
			children = (
				67C2861F64A556F1932219BE /* Pods.framework */,
			);
			name = Frameworks;
			sourceTree = "<group>";
		};
		C15A4B721D766CCF00FE0D44 = {
			isa = PBXGroup;
			children = (
				C15A4B7D1D766CCF00FE0D44 /* vfans */,
				C15A4B7C1D766CCF00FE0D44 /* Products */,
				7A2E0BFA9F9C46F614D6E423 /* Pods */,
				9F9DA4264E376DB3E7FFB86C /* Frameworks */,
			);
			sourceTree = "<group>";
		};
		C15A4B7C1D766CCF00FE0D44 /* Products */ = {
			isa = PBXGroup;
			children = (
				C15A4B7B1D766CCF00FE0D44 /* vfans.app */,
			);
			name = Products;
			sourceTree = "<group>";
		};
		C15A4B7D1D766CCF00FE0D44 /* vfans */ = {
			isa = PBXGroup;
			children = (
				C15A4B941D766F3400FE0D44 /* Models */,
				C15A4B901D766DF300FE0D44 /* Views */,
				C15A4B931D766EE400FE0D44 /* Controllers */,
				C15A4B971D766F6E00FE0D44 /* Configs */,
				C15A4B961D766F5B00FE0D44 /* Stores */,
				C15A4B951D766F4500FE0D44 /* Helpers */,
				C15A4B981D766F8000FE0D44 /* Libs */,
				C15A4B911D766E4200FE0D44 /* AppDelegate */,
				C15A4B991D766F9500FE0D44 /* Supporting Files */,
				C15A4B9A1D76725200FE0D44 /* Base.lproj */,
				C18DB0641D77C39F000F9DCA /* Assets.xcassets */,
			);
			path = vfans;
			sourceTree = "<group>";
		};
		C15A4B901D766DF300FE0D44 /* Views */ = {
			isa = PBXGroup;
			children = (
			);
			path = Views;
			sourceTree = "<group>";
		};
		C15A4B911D766E4200FE0D44 /* AppDelegate */ = {
			isa = PBXGroup;
			children = (
				C15A4B7E1D766CCF00FE0D44 /* AppDelegate.swift */,
			);
			path = AppDelegate;
			sourceTree = "<group>";
		};
		C15A4B931D766EE400FE0D44 /* Controllers */ = {
			isa = PBXGroup;
			children = (
				C15A4BA81D76CDBB00FE0D44 /* Base */,
				C15A4B9F1D76B47A00FE0D44 /* Root */,
				C1F3B6E41D771B9500D4DDDE /* WebView */,
			);
			path = Controllers;
			sourceTree = "<group>";
		};
		C15A4B941D766F3400FE0D44 /* Models */ = {
			isa = PBXGroup;
			children = (
			);
			path = Models;
			sourceTree = "<group>";
		};
		C15A4B951D766F4500FE0D44 /* Helpers */ = {
			isa = PBXGroup;
			children = (
			);
			name = Helpers;
			path = Heplers;
			sourceTree = "<group>";
		};
		C15A4B961D766F5B00FE0D44 /* Stores */ = {
			isa = PBXGroup;
			children = (
				C18DB0661D77DD97000F9DCA /* ContactsStore.swift */,
			);
			path = Stores;
			sourceTree = "<group>";
		};
		C15A4B971D766F6E00FE0D44 /* Configs */ = {
			isa = PBXGroup;
			children = (
				C15A4BA21D76B69F00FE0D44 /* IconConst.swift */,
				C15A4BA61D76C81400FE0D44 /* HybridConst.swift */,
				C15A4BAD1D76CE6900FE0D44 /* ColorConst.swift */,
				C1F3B6E21D771A1400D4DDDE /* FontConst.swift */,
			);
			path = Configs;
			sourceTree = "<group>";
		};
		C15A4B981D766F8000FE0D44 /* Libs */ = {
			isa = PBXGroup;
			children = (
			);
			path = Libs;
			sourceTree = "<group>";
		};
		C15A4B991D766F9500FE0D44 /* Supporting Files */ = {
			isa = PBXGroup;
			children = (
				C15A4B9D1D76749100FE0D44 /* Info.plist */,
			);
			path = "Supporting Files";
			sourceTree = "<group>";
		};
		C15A4B9A1D76725200FE0D44 /* Base.lproj */ = {
			isa = PBXGroup;
			children = (
				C15A4B821D766CCF00FE0D44 /* Main.storyboard */,
				C15A4B871D766CCF00FE0D44 /* LaunchScreen.storyboard */,
			);
			path = Base.lproj;
			sourceTree = "<group>";
		};
		C15A4B9F1D76B47A00FE0D44 /* Root */ = {
			isa = PBXGroup;
			children = (
				C15A4BA01D76B4B300FE0D44 /* LaunchController.swift */,
				C15A4BA91D76CDF600FE0D44 /* RootController.swift */,
			);
			path = Root;
			sourceTree = "<group>";
		};
		C15A4BA81D76CDBB00FE0D44 /* Base */ = {
			isa = PBXGroup;
			children = (
				C15A4BAB1D76CE2400FE0D44 /* BaseController.swift */,
			);
			path = Base;
			sourceTree = "<group>";
		};
		C1F3B6E41D771B9500D4DDDE /* WebView */ = {
			isa = PBXGroup;
			children = (
				C1F3B6E51D771BDF00D4DDDE /* WebViewController.swift */,
			);
			path = WebView;
			sourceTree = "<group>";
		};
/* End PBXGroup section */

/* Begin PBXNativeTarget section */
		C15A4B7A1D766CCF00FE0D44 /* vfans */ = {
			isa = PBXNativeTarget;
			buildConfigurationList = C15A4B8D1D766CCF00FE0D44 /* Build configuration list for PBXNativeTarget "vfans" */;
			buildPhases = (
				ABA0CF1713300E23D8E193ED /* Check Pods Manifest.lock */,
				C15A4B771D766CCF00FE0D44 /* Sources */,
				C15A4B781D766CCF00FE0D44 /* Frameworks */,
				C15A4B791D766CCF00FE0D44 /* Resources */,
				EA89BDBC84627EA3EE0C6547 /* Embed Pods Frameworks */,
				3E75919A73CC3B68E523DD7E /* Copy Pods Resources */,
			);
			buildRules = (
			);
			dependencies = (
			);
			name = vfans;
			productName = iFans;
			productReference = C15A4B7B1D766CCF00FE0D44 /* vfans.app */;
			productType = "com.apple.product-type.application";
		};
/* End PBXNativeTarget section */

/* Begin PBXProject section */
		C15A4B731D766CCF00FE0D44 /* Project object */ = {
			isa = PBXProject;
			attributes = {
				LastSwiftUpdateCheck = 0730;
				LastUpgradeCheck = 0730;
				ORGANIZATIONNAME = "潘东";
				TargetAttributes = {
					C15A4B7A1D766CCF00FE0D44 = {
						CreatedOnToolsVersion = 7.3;
						DevelopmentTeam = Z8A4J4ZKNF;
					};
				};
			};
			buildConfigurationList = C15A4B761D766CCF00FE0D44 /* Build configuration list for PBXProject "vfans" */;
			compatibilityVersion = "Xcode 3.2";
			developmentRegion = English;
			hasScannedForEncodings = 0;
			knownRegions = (
				en,
				Base,
			);
			mainGroup = C15A4B721D766CCF00FE0D44;
			productRefGroup = C15A4B7C1D766CCF00FE0D44 /* Products */;
			projectDirPath = "";
			projectRoot = "";
			targets = (
				C15A4B7A1D766CCF00FE0D44 /* vfans */,
			);
		};
/* End PBXProject section */

/* Begin PBXResourcesBuildPhase section */
		C15A4B791D766CCF00FE0D44 /* Resources */ = {
			isa = PBXResourcesBuildPhase;
			buildActionMask = 2147483647;
			files = (
				C15A4B891D766CCF00FE0D44 /* LaunchScreen.storyboard in Resources */,
				C18DB0651D77C39F000F9DCA /* Assets.xcassets in Resources */,
				C15A4B841D766CCF00FE0D44 /* Main.storyboard in Resources */,
			);
			runOnlyForDeploymentPostprocessing = 0;
		};
/* End PBXResourcesBuildPhase section */

/* Begin PBXShellScriptBuildPhase section */
		3E75919A73CC3B68E523DD7E /* Copy Pods Resources */ = {
			isa = PBXShellScriptBuildPhase;
			buildActionMask = 2147483647;
			files = (
			);
			inputPaths = (
			);
			name = "Copy Pods Resources";
			outputPaths = (
			);
			runOnlyForDeploymentPostprocessing = 0;
			shellPath = /bin/sh;
			shellScript = "\"${SRCROOT}/Pods/Target Support Files/Pods/Pods-resources.sh\"\n";
			showEnvVarsInLog = 0;
		};
		ABA0CF1713300E23D8E193ED /* Check Pods Manifest.lock */ = {
			isa = PBXShellScriptBuildPhase;
			buildActionMask = 2147483647;
			files = (
			);
			inputPaths = (
			);
			name = "Check Pods Manifest.lock";
			outputPaths = (
			);
			runOnlyForDeploymentPostprocessing = 0;
			shellPath = /bin/sh;
			shellScript = "diff \"${PODS_ROOT}/../Podfile.lock\" \"${PODS_ROOT}/Manifest.lock\" > /dev/null\nif [[ $? != 0 ]] ; then\n    cat << EOM\nerror: The sandbox is not in sync with the Podfile.lock. Run 'pod install' or update your CocoaPods installation.\nEOM\n    exit 1\nfi\n";
			showEnvVarsInLog = 0;
		};
		EA89BDBC84627EA3EE0C6547 /* Embed Pods Frameworks */ = {
			isa = PBXShellScriptBuildPhase;
			buildActionMask = 2147483647;
			files = (
			);
			inputPaths = (
			);
			name = "Embed Pods Frameworks";
			outputPaths = (
			);
			runOnlyForDeploymentPostprocessing = 0;
			shellPath = /bin/sh;
			shellScript = "\"${SRCROOT}/Pods/Target Support Files/Pods/Pods-frameworks.sh\"\n";
			showEnvVarsInLog = 0;
		};
/* End PBXShellScriptBuildPhase section */

/* Begin PBXSourcesBuildPhase section */
		C15A4B771D766CCF00FE0D44 /* Sources */ = {
			isa = PBXSourcesBuildPhase;
			buildActionMask = 2147483647;
			files = (
				C1F3B6E31D771A1400D4DDDE /* FontConst.swift in Sources */,
				C1F3B6E61D771BDF00D4DDDE /* WebViewController.swift in Sources */,
				C18DB0671D77DD97000F9DCA /* ContactsStore.swift in Sources */,
				C15A4BAA1D76CDF600FE0D44 /* RootController.swift in Sources */,
				C15A4BA11D76B4B300FE0D44 /* LaunchController.swift in Sources */,
				C15A4BA31D76B69F00FE0D44 /* IconConst.swift in Sources */,
				C15A4B7F1D766CCF00FE0D44 /* AppDelegate.swift in Sources */,
				C15A4BAC1D76CE2400FE0D44 /* BaseController.swift in Sources */,
				C15A4BA71D76C81400FE0D44 /* HybridConst.swift in Sources */,
				C15A4BAE1D76CE6900FE0D44 /* ColorConst.swift in Sources */,
			);
			runOnlyForDeploymentPostprocessing = 0;
		};
/* End PBXSourcesBuildPhase section */

/* Begin PBXVariantGroup section */
		C15A4B821D766CCF00FE0D44 /* Main.storyboard */ = {
			isa = PBXVariantGroup;
			children = (
				C15A4B831D766CCF00FE0D44 /* Base */,
			);
			name = Main.storyboard;
			path = ..;
			sourceTree = "<group>";
		};
		C15A4B871D766CCF00FE0D44 /* LaunchScreen.storyboard */ = {
			isa = PBXVariantGroup;
			children = (
				C15A4B881D766CCF00FE0D44 /* Base */,
			);
			name = LaunchScreen.storyboard;
			path = ..;
			sourceTree = "<group>";
		};
/* End PBXVariantGroup section */

/* Begin XCBuildConfiguration section */
		C15A4B8B1D766CCF00FE0D44 /* Debug */ = {
			isa = XCBuildConfiguration;
			buildSettings = {
				ALWAYS_SEARCH_USER_PATHS = NO;
				CLANG_ANALYZER_NONNULL = YES;
				CLANG_CXX_LANGUAGE_STANDARD = "gnu++0x";
				CLANG_CXX_LIBRARY = "libc++";
				CLANG_ENABLE_MODULES = YES;
				CLANG_ENABLE_OBJC_ARC = YES;
				CLANG_WARN_BOOL_CONVERSION = YES;
				CLANG_WARN_CONSTANT_CONVERSION = YES;
				CLANG_WARN_DIRECT_OBJC_ISA_USAGE = YES_ERROR;
				CLANG_WARN_EMPTY_BODY = YES;
				CLANG_WARN_ENUM_CONVERSION = YES;
				CLANG_WARN_INT_CONVERSION = YES;
				CLANG_WARN_OBJC_ROOT_CLASS = YES_ERROR;
				CLANG_WARN_UNREACHABLE_CODE = YES;
				CLANG_WARN__DUPLICATE_METHOD_MATCH = YES;
				CODE_SIGN_IDENTITY = "iPhone Distribution";
				"CODE_SIGN_IDENTITY[sdk=iphoneos*]" = "iPhone Distribution";
				COPY_PHASE_STRIP = NO;
				DEBUG_INFORMATION_FORMAT = dwarf;
				ENABLE_STRICT_OBJC_MSGSEND = YES;
				ENABLE_TESTABILITY = YES;
				GCC_C_LANGUAGE_STANDARD = gnu99;
				GCC_DYNAMIC_NO_PIC = NO;
				GCC_NO_COMMON_BLOCKS = YES;
				GCC_OPTIMIZATION_LEVEL = 0;
				GCC_PREPROCESSOR_DEFINITIONS = (
					"DEBUG=1",
					"$(inherited)",
				);
				GCC_WARN_64_TO_32_BIT_CONVERSION = YES;
				GCC_WARN_ABOUT_RETURN_TYPE = YES_ERROR;
				GCC_WARN_UNDECLARED_SELECTOR = YES;
				GCC_WARN_UNINITIALIZED_AUTOS = YES_AGGRESSIVE;
				GCC_WARN_UNUSED_FUNCTION = YES;
				GCC_WARN_UNUSED_VARIABLE = YES;
				IPHONEOS_DEPLOYMENT_TARGET = 9.3;
				MTL_ENABLE_DEBUG_INFO = YES;
				ONLY_ACTIVE_ARCH = YES;
				SDKROOT = iphoneos;
				SWIFT_OPTIMIZATION_LEVEL = "-Onone";
				TARGETED_DEVICE_FAMILY = "1,2";
			};
			name = Debug;
		};
		C15A4B8C1D766CCF00FE0D44 /* Release */ = {
			isa = XCBuildConfiguration;
			buildSettings = {
				ALWAYS_SEARCH_USER_PATHS = NO;
				CLANG_ANALYZER_NONNULL = YES;
				CLANG_CXX_LANGUAGE_STANDARD = "gnu++0x";
				CLANG_CXX_LIBRARY = "libc++";
				CLANG_ENABLE_MODULES = YES;
				CLANG_ENABLE_OBJC_ARC = YES;
				CLANG_WARN_BOOL_CONVERSION = YES;
				CLANG_WARN_CONSTANT_CONVERSION = YES;
				CLANG_WARN_DIRECT_OBJC_ISA_USAGE = YES_ERROR;
				CLANG_WARN_EMPTY_BODY = YES;
				CLANG_WARN_ENUM_CONVERSION = YES;
				CLANG_WARN_INT_CONVERSION = YES;
				CLANG_WARN_OBJC_ROOT_CLASS = YES_ERROR;
				CLANG_WARN_UNREACHABLE_CODE = YES;
				CLANG_WARN__DUPLICATE_METHOD_MATCH = YES;
				CODE_SIGN_IDENTITY = "iPhone Distribution";
				"CODE_SIGN_IDENTITY[sdk=iphoneos*]" = "iPhone Distribution";
				COPY_PHASE_STRIP = NO;
				DEBUG_INFORMATION_FORMAT = "dwarf-with-dsym";
				ENABLE_NS_ASSERTIONS = NO;
				ENABLE_STRICT_OBJC_MSGSEND = YES;
				GCC_C_LANGUAGE_STANDARD = gnu99;
				GCC_NO_COMMON_BLOCKS = YES;
				GCC_WARN_64_TO_32_BIT_CONVERSION = YES;
				GCC_WARN_ABOUT_RETURN_TYPE = YES_ERROR;
				GCC_WARN_UNDECLARED_SELECTOR = YES;
				GCC_WARN_UNINITIALIZED_AUTOS = YES_AGGRESSIVE;
				GCC_WARN_UNUSED_FUNCTION = YES;
				GCC_WARN_UNUSED_VARIABLE = YES;
				IPHONEOS_DEPLOYMENT_TARGET = 9.3;
				MTL_ENABLE_DEBUG_INFO = NO;
				SDKROOT = iphoneos;
				TARGETED_DEVICE_FAMILY = "1,2";
				VALIDATE_PRODUCT = YES;
			};
			name = Release;
		};
		C15A4B8E1D766CCF00FE0D44 /* Debug */ = {
			isa = XCBuildConfiguration;
			baseConfigurationReference = B3619B6A0F8B63B17BD1DC26 /* Pods.debug.xcconfig */;
			buildSettings = {
				ASSETCATALOG_COMPILER_APPICON_NAME = AppIcon;
				CODE_SIGN_IDENTITY = "iPhone Distribution";
				"CODE_SIGN_IDENTITY[sdk=iphoneos*]" = "iPhone Distribution";
				INFOPLIST_FILE = "$(SRCROOT)/vfans/Supporting Files/Info.plist";
				IPHONEOS_DEPLOYMENT_TARGET = 8.0;
				LD_RUNPATH_SEARCH_PATHS = "$(inherited) @executable_path/Frameworks";
				PRODUCT_BUNDLE_IDENTIFIER = com.vfans;
				PRODUCT_NAME = vfans;
				PROVISIONING_PROFILE = "";
				TARGETED_DEVICE_FAMILY = 1;
			};
			name = Debug;
		};
		C15A4B8F1D766CCF00FE0D44 /* Release */ = {
			isa = XCBuildConfiguration;
			baseConfigurationReference = 51C0E793CF0EC9276F4B8AC5 /* Pods.release.xcconfig */;
			buildSettings = {
				ASSETCATALOG_COMPILER_APPICON_NAME = AppIcon;
				CODE_SIGN_IDENTITY = "iPhone Distribution";
				"CODE_SIGN_IDENTITY[sdk=iphoneos*]" = "iPhone Distribution";
				INFOPLIST_FILE = "$(SRCROOT)/vfans/Supporting Files/Info.plist";
				IPHONEOS_DEPLOYMENT_TARGET = 8.0;
				LD_RUNPATH_SEARCH_PATHS = "$(inherited) @executable_path/Frameworks";
				PRODUCT_BUNDLE_IDENTIFIER = com.vfans;
				PRODUCT_NAME = vfans;
				PROVISIONING_PROFILE = "";
				TARGETED_DEVICE_FAMILY = 1;
			};
			name = Release;
		};
/* End XCBuildConfiguration section */

/* Begin XCConfigurationList section */
		C15A4B761D766CCF00FE0D44 /* Build configuration list for PBXProject "vfans" */ = {
			isa = XCConfigurationList;
			buildConfigurations = (
				C15A4B8B1D766CCF00FE0D44 /* Debug */,
				C15A4B8C1D766CCF00FE0D44 /* Release */,
			);
			defaultConfigurationIsVisible = 0;
			defaultConfigurationName = Release;
		};
		C15A4B8D1D766CCF00FE0D44 /* Build configuration list for PBXNativeTarget "vfans" */ = {
			isa = XCConfigurationList;
			buildConfigurations = (
				C15A4B8E1D766CCF00FE0D44 /* Debug */,
				C15A4B8F1D766CCF00FE0D44 /* Release */,
			);
			defaultConfigurationIsVisible = 0;
			defaultConfigurationName = Release;
		};
/* End XCConfigurationList section */
	};
	rootObject = C15A4B731D766CCF00FE0D44 /* Project object */;
}
